
Microsoft Visual Studio Solution File, Format Version 12.00
# Visual Studio Version 16
VisualStudioVersion = 16.0.29519.181
MinimumVisualStudioVersion = 10.0.40219.1
Project("{FAE04EC0-301F-11D3-BF4B-00C04F79EFBC}") = "ConsoleApp2", "ConsoleApp2\ConsoleApp2.csproj", "{0598EBDC-60AB-428F-843C-20955F45B73E}"
EndProject
Global
	GlobalSection(SolutionConfigurationPlatforms) = preSolution
		Debug|Any CPU = Debug|Any CPU
		Release|Any CPU = Release|Any CPU
	EndGlobalSection
	GlobalSection(ProjectConfigurationPlatforms) = postSolution
		{0598EBDC-60AB-428F-843C-20955F45B73E}.Debug|Any CPU.ActiveCfg = Debug|Any CPU
		{0598EBDC-60AB-428F-843C-20955F45B73E}.Debug|Any CPU.Build.0 = Debug|Any CPU
		{0598EBDC-60AB-428F-843C-20955F45B73E}.Release|Any CPU.ActiveCfg = Release|Any CPU
		{0598EBDC-60AB-428F-843C-20955F45B73E}.Release|Any CPU.Build.0 = Release|Any CPU
	EndGlobalSection
	GlobalSection(SolutionProperties) = preSolution
		HideSolutionNode = FALSE
	EndGlobalSection
	GlobalSection(ExtensibilityGlobals) = postSolution
		SolutionGuid = {0435D18D-C09E-4659-A442-AA8AE03E0423}
	EndGlobalSection
EndGlobal
